// !$*UTF8*$!
{
	archiveVersion = 1;
	classes = {
	};
	objectVersion = 50;
	objects = {

/* Begin PBXBuildFile section */
		34235036239DA22300C1DBFA /* PlayerViewController.swift in Sources */ = {isa = PBXBuildFile; fileRef = 34235035239DA22300C1DBFA /* PlayerViewController.swift */; };
		34D45087239D612D00CBA933 /* audioRecord.storyboard in Resources */ = {isa = PBXBuildFile; fileRef = 34D45086239D612D00CBA933 /* audioRecord.storyboard */; };
		34D45089239D62BB00CBA933 /* audioRecordViewController.swift in Sources */ = {isa = PBXBuildFile; fileRef = 34D45088239D62BB00CBA933 /* audioRecordViewController.swift */; };
		429ADCFE2391554C009A4B53 /* OnboardCollectionViewCell1.swift in Sources */ = {isa = PBXBuildFile; fileRef = 429ADCFD2391554B009A4B53 /* OnboardCollectionViewCell1.swift */; };
		429ADD002391555D009A4B53 /* OnboardCollectionViewCell2.swift in Sources */ = {isa = PBXBuildFile; fileRef = 429ADCFF2391555D009A4B53 /* OnboardCollectionViewCell2.swift */; };
		429ADD022391556D009A4B53 /* OnboardCollectionViewCell3.swift in Sources */ = {isa = PBXBuildFile; fileRef = 429ADD012391556D009A4B53 /* OnboardCollectionViewCell3.swift */; };
		429ADD0423915580009A4B53 /* OnboardCollectionViewCell4.swift in Sources */ = {isa = PBXBuildFile; fileRef = 429ADD0323915580009A4B53 /* OnboardCollectionViewCell4.swift */; };
		429ADD0623915591009A4B53 /* OnboardCollectionViewCell5.swift in Sources */ = {isa = PBXBuildFile; fileRef = 429ADD0523915591009A4B53 /* OnboardCollectionViewCell5.swift */; };
		6C1147B2238D47A7008821AE /* ChildTableViewController.swift in Sources */ = {isa = PBXBuildFile; fileRef = 6C1147B1238D47A7008821AE /* ChildTableViewController.swift */; };
		6C1147B4238D4C32008821AE /* Child.swift in Sources */ = {isa = PBXBuildFile; fileRef = 6C1147B3238D4C32008821AE /* Child.swift */; };
		6C1147B8238D530C008821AE /* Model.swift in Sources */ = {isa = PBXBuildFile; fileRef = 6C1147B7238D530C008821AE /* Model.swift */; };
		6C1147BB238EA585008821AE /* ChildCard.swift in Sources */ = {isa = PBXBuildFile; fileRef = 6C1147B9238EA585008821AE /* ChildCard.swift */; };
		6C1147BC238EA585008821AE /* ChildCard.xib in Resources */ = {isa = PBXBuildFile; fileRef = 6C1147BA238EA585008821AE /* ChildCard.xib */; };
		6C1147C023900674008821AE /* ModalViewController.swift in Sources */ = {isa = PBXBuildFile; fileRef = 6C1147BF23900674008821AE /* ModalViewController.swift */; };
		6C22D3DF23913EFA00C63939 /* RespondidasCell.swift in Sources */ = {isa = PBXBuildFile; fileRef = 6C22D3DE23913EFA00C63939 /* RespondidasCell.swift */; };
		6C25F7BB2395319500F466EC /* ImagePicker.swift in Sources */ = {isa = PBXBuildFile; fileRef = 6C25F7BA2395319500F466EC /* ImagePicker.swift */; };
		6CCE390E2385849D0078B8CB /* AppDelegate.swift in Sources */ = {isa = PBXBuildFile; fileRef = 6CCE390D2385849D0078B8CB /* AppDelegate.swift */; };
		6CCE39102385849D0078B8CB /* SceneDelegate.swift in Sources */ = {isa = PBXBuildFile; fileRef = 6CCE390F2385849D0078B8CB /* SceneDelegate.swift */; };
		6CCE39122385849D0078B8CB /* ViewController.swift in Sources */ = {isa = PBXBuildFile; fileRef = 6CCE39112385849D0078B8CB /* ViewController.swift */; };
		6CCE39152385849D0078B8CB /* Main.storyboard in Resources */ = {isa = PBXBuildFile; fileRef = 6CCE39132385849D0078B8CB /* Main.storyboard */; };
		6CCE3917238584A10078B8CB /* Assets.xcassets in Resources */ = {isa = PBXBuildFile; fileRef = 6CCE3916238584A10078B8CB /* Assets.xcassets */; };
		6CCE391A238584A10078B8CB /* LaunchScreen.storyboard in Resources */ = {isa = PBXBuildFile; fileRef = 6CCE3918238584A10078B8CB /* LaunchScreen.storyboard */; };
		6CCE39252388197E0078B8CB /* Login.storyboard in Resources */ = {isa = PBXBuildFile; fileRef = 6CCE39242388197E0078B8CB /* Login.storyboard */; };
		6CCE392B23881F290078B8CB /* ChildrenScreen.storyboard in Resources */ = {isa = PBXBuildFile; fileRef = 6CCE392A23881F290078B8CB /* ChildrenScreen.storyboard */; };
		6CCE392D23881F5C0078B8CB /* ChildrenViewController.swift in Sources */ = {isa = PBXBuildFile; fileRef = 6CCE392C23881F5C0078B8CB /* ChildrenViewController.swift */; };
		6CCE392F238820C80078B8CB /* SendMail.storyboard in Resources */ = {isa = PBXBuildFile; fileRef = 6CCE392E238820C80078B8CB /* SendMail.storyboard */; };
		6CCE3931238820F00078B8CB /* ReceiveMail.storyboard in Resources */ = {isa = PBXBuildFile; fileRef = 6CCE3930238820F00078B8CB /* ReceiveMail.storyboard */; };
		6CCE39332388213F0078B8CB /* ReceiveMailViewController.swift in Sources */ = {isa = PBXBuildFile; fileRef = 6CCE39322388213F0078B8CB /* ReceiveMailViewController.swift */; };
		6CCE3935238821A40078B8CB /* SendMailViewController.swift in Sources */ = {isa = PBXBuildFile; fileRef = 6CCE3934238821A40078B8CB /* SendMailViewController.swift */; };
		6CCE3937238821E90078B8CB /* ParentConfiguration.storyboard in Resources */ = {isa = PBXBuildFile; fileRef = 6CCE3936238821E90078B8CB /* ParentConfiguration.storyboard */; };
		6CCE39392388222E0078B8CB /* ParentConfigurationViewController.swift in Sources */ = {isa = PBXBuildFile; fileRef = 6CCE39382388222E0078B8CB /* ParentConfigurationViewController.swift */; };
		6CD20DE523992CF300CE4175 /* Letters.swift in Sources */ = {isa = PBXBuildFile; fileRef = 6CD20DE423992CF300CE4175 /* Letters.swift */; };
		6CD20DE92399363600CE4175 /* PencilKitNavigationController.swift in Sources */ = {isa = PBXBuildFile; fileRef = 6CD20DE82399363600CE4175 /* PencilKitNavigationController.swift */; };
		6CD20DEB2399398D00CE4175 /* DrawingData.swift in Sources */ = {isa = PBXBuildFile; fileRef = 6CD20DEA2399398D00CE4175 /* DrawingData.swift */; };
		6CD20DED239A79B800CE4175 /* PencilKit.framework in Frameworks */ = {isa = PBXBuildFile; fileRef = 6CD20DEC239A79B700CE4175 /* PencilKit.framework */; };
		6CD20DF2239DC76A00CE4175 /* LetterCollectionViewCell.swift in Sources */ = {isa = PBXBuildFile; fileRef = 6CD20DF0239DC76A00CE4175 /* LetterCollectionViewCell.swift */; };
		6CD20DF3239DC76A00CE4175 /* LetterCollectionViewCell.xib in Resources */ = {isa = PBXBuildFile; fileRef = 6CD20DF1239DC76A00CE4175 /* LetterCollectionViewCell.xib */; };
		6CD20DF5239E906B00CE4175 /* OpenLetterViewController.swift in Sources */ = {isa = PBXBuildFile; fileRef = 6CD20DF4239E906A00CE4175 /* OpenLetterViewController.swift */; };
		6CD20DF7239F0C1B00CE4175 /* ReplyLetterViewController.swift in Sources */ = {isa = PBXBuildFile; fileRef = 6CD20DF6239F0C1A00CE4175 /* ReplyLetterViewController.swift */; };
		6CD20DF9239F23CA00CE4175 /* UIViewController+Extensions.swift in Sources */ = {isa = PBXBuildFile; fileRef = 6CD20DF8239F23CA00CE4175 /* UIViewController+Extensions.swift */; };
		6CD20DFB239F298800CE4175 /* OpenSantaLetterViewController.swift in Sources */ = {isa = PBXBuildFile; fileRef = 6CD20DFA239F298800CE4175 /* OpenSantaLetterViewController.swift */; };
		6CE03D0E23968D0C00019294 /* SendDrawing.storyboard in Resources */ = {isa = PBXBuildFile; fileRef = 6CE03D0D23968D0C00019294 /* SendDrawing.storyboard */; };
		6CE03D1023968D3A00019294 /* SendDrawingViewController.swift in Sources */ = {isa = PBXBuildFile; fileRef = 6CE03D0F23968D3A00019294 /* SendDrawingViewController.swift */; };
		CD62EAD9239D8963009E3907 /* Poppins-Thin.ttf in Resources */ = {isa = PBXBuildFile; fileRef = CD62EAC7239D8961009E3907 /* Poppins-Thin.ttf */; };
		CD62EADA239D8963009E3907 /* Poppins-Regular.ttf in Resources */ = {isa = PBXBuildFile; fileRef = CD62EAC8239D8961009E3907 /* Poppins-Regular.ttf */; };
		CD62EAE0239D8963009E3907 /* Poppins-Bold.ttf in Resources */ = {isa = PBXBuildFile; fileRef = CD62EACE239D8962009E3907 /* Poppins-Bold.ttf */; };
		CD62EAE2239D8963009E3907 /* Poppins-Medium.ttf in Resources */ = {isa = PBXBuildFile; fileRef = CD62EAD0239D8962009E3907 /* Poppins-Medium.ttf */; };
		CD62EAE7239D8963009E3907 /* Poppins-Light.ttf in Resources */ = {isa = PBXBuildFile; fileRef = CD62EAD5239D8962009E3907 /* Poppins-Light.ttf */; };
		CD62EAE8239D8963009E3907 /* Poppins-SemiBold.ttf in Resources */ = {isa = PBXBuildFile; fileRef = CD62EAD6239D8963009E3907 /* Poppins-SemiBold.ttf */; };
		CD62EAFB239F1C47009E3907 /* santawillread.wav in Resources */ = {isa = PBXBuildFile; fileRef = CD62EAEC239F1C44009E3907 /* santawillread.wav */; };
		CD62EAFC239F1C47009E3907 /* letsdoit.wav in Resources */ = {isa = PBXBuildFile; fileRef = CD62EAED239F1C44009E3907 /* letsdoit.wav */; };
		CD62EAFD239F1C47009E3907 /* ijustgotyourletter.wav in Resources */ = {isa = PBXBuildFile; fileRef = CD62EAEE239F1C44009E3907 /* ijustgotyourletter.wav */; };
		CD62EAFE239F1C47009E3907 /* hohoho.wav in Resources */ = {isa = PBXBuildFile; fileRef = CD62EAEF239F1C45009E3907 /* hohoho.wav */; };
		CD62EAFF239F1C47009E3907 /* wecanpost.wav in Resources */ = {isa = PBXBuildFile; fileRef = CD62EAF0239F1C45009E3907 /* wecanpost.wav */; };
		CD62EB00239F1C47009E3907 /* hi.wav in Resources */ = {isa = PBXBuildFile; fileRef = CD62EAF1239F1C45009E3907 /* hi.wav */; };
		CD62EB01239F1C47009E3907 /* congrats.wav in Resources */ = {isa = PBXBuildFile; fileRef = CD62EAF2239F1C45009E3907 /* congrats.wav */; };
		CD62EB02239F1C47009E3907 /* merryxmas.wav in Resources */ = {isa = PBXBuildFile; fileRef = CD62EAF3239F1C45009E3907 /* merryxmas.wav */; };
		CD62EB03239F1C47009E3907 /* postoffice.wav in Resources */ = {isa = PBXBuildFile; fileRef = CD62EAF4239F1C45009E3907 /* postoffice.wav */; };
		CD62EB04239F1C47009E3907 /* longtripahead.wav in Resources */ = {isa = PBXBuildFile; fileRef = CD62EAF5239F1C45009E3907 /* longtripahead.wav */; };
		CD62EB05239F1C47009E3907 /* finishletter.wav in Resources */ = {isa = PBXBuildFile; fileRef = CD62EAF6239F1C45009E3907 /* finishletter.wav */; };
		CD62EB06239F1C47009E3907 /* youcandraw.wav in Resources */ = {isa = PBXBuildFile; fileRef = CD62EAF7239F1C46009E3907 /* youcandraw.wav */; };
		CD62EB07239F1C47009E3907 /* santaletter.wav in Resources */ = {isa = PBXBuildFile; fileRef = CD62EAF8239F1C46009E3907 /* santaletter.wav */; };
		CD62EB08239F1C47009E3907 /* yourletterisonway.wav in Resources */ = {isa = PBXBuildFile; fileRef = CD62EAF9239F1C46009E3907 /* yourletterisonway.wav */; };
		CD62EB09239F1C47009E3907 /* wishpile.wav in Resources */ = {isa = PBXBuildFile; fileRef = CD62EAFA239F1C47009E3907 /* wishpile.wav */; };
		CD9FA560238C11B5002768BD /* OnBoardViewController.swift in Sources */ = {isa = PBXBuildFile; fileRef = CD9FA55F238C11B5002768BD /* OnBoardViewController.swift */; };
		CDC206FF239941E200A9B6A4 /* CustomAudioPlayer.swift in Sources */ = {isa = PBXBuildFile; fileRef = CDC206FE239941E100A9B6A4 /* CustomAudioPlayer.swift */; };
		CDC20701239944D400A9B6A4 /* Music.swift in Sources */ = {isa = PBXBuildFile; fileRef = CDC20700239944D400A9B6A4 /* Music.swift */; };
		CDC20703239945B800A9B6A4 /* MusicPlayer.swift in Sources */ = {isa = PBXBuildFile; fileRef = CDC20702239945B800A9B6A4 /* MusicPlayer.swift */; };
		CDC581912397F66B000E3FB0 /* musica1.wav in Resources */ = {isa = PBXBuildFile; fileRef = CDC5818E2397F66A000E3FB0 /* musica1.wav */; };
		CDC581922397F66B000E3FB0 /* musica2.wav in Resources */ = {isa = PBXBuildFile; fileRef = CDC5818F2397F66A000E3FB0 /* musica2.wav */; };
		CDC581932397F66B000E3FB0 /* musica3.wav in Resources */ = {isa = PBXBuildFile; fileRef = CDC581902397F66B000E3FB0 /* musica3.wav */; };
		CDC5819F2397F95C000E3FB0 /* Sino 1.wav in Resources */ = {isa = PBXBuildFile; fileRef = CDC581952397F95B000E3FB0 /* Sino 1.wav */; };
		CDC581A02397F95C000E3FB0 /* Correio 3.wav in Resources */ = {isa = PBXBuildFile; fileRef = CDC581962397F95B000E3FB0 /* Correio 3.wav */; };
		CDC581A12397F95C000E3FB0 /* dobra2.wav in Resources */ = {isa = PBXBuildFile; fileRef = CDC581972397F95B000E3FB0 /* dobra2.wav */; };
		CDC581A22397F95C000E3FB0 /* Sino 2.wav in Resources */ = {isa = PBXBuildFile; fileRef = CDC581982397F95C000E3FB0 /* Sino 2.wav */; };
		CDC581A32397F95C000E3FB0 /* dobra1.wav in Resources */ = {isa = PBXBuildFile; fileRef = CDC581992397F95C000E3FB0 /* dobra1.wav */; };
		CDC581A42397F95C000E3FB0 /* Correio 1.wav in Resources */ = {isa = PBXBuildFile; fileRef = CDC5819A2397F95C000E3FB0 /* Correio 1.wav */; };
		CDC581A52397F95C000E3FB0 /* dobra3.wav in Resources */ = {isa = PBXBuildFile; fileRef = CDC5819B2397F95C000E3FB0 /* dobra3.wav */; };
		CDC581A62397F95C000E3FB0 /* Correio 4.wav in Resources */ = {isa = PBXBuildFile; fileRef = CDC5819C2397F95C000E3FB0 /* Correio 4.wav */; };
		CDC581A72397F95C000E3FB0 /* Plim.wav in Resources */ = {isa = PBXBuildFile; fileRef = CDC5819D2397F95C000E3FB0 /* Plim.wav */; };
		CDC581A82397F95C000E3FB0 /* Correio 2.wav in Resources */ = {isa = PBXBuildFile; fileRef = CDC5819E2397F95C000E3FB0 /* Correio 2.wav */; };
		CDE958E12399345500118A5F /* Animation.storyboard in Resources */ = {isa = PBXBuildFile; fileRef = CDE958E02399345500118A5F /* Animation.storyboard */; };
		CDE958E42399346B00118A5F /* FoldViewController.swift in Sources */ = {isa = PBXBuildFile; fileRef = CDE958E22399346B00118A5F /* FoldViewController.swift */; };
		CDE958E52399346B00118A5F /* GameScene.swift in Sources */ = {isa = PBXBuildFile; fileRef = CDE958E32399346B00118A5F /* GameScene.swift */; };
		EF868275995DB0E7C8396837 /* (null) in Frameworks */ = {isa = PBXBuildFile; };
/* End PBXBuildFile section */

/* Begin PBXFileReference section */
		34235035239DA22300C1DBFA /* PlayerViewController.swift */ = {isa = PBXFileReference; lastKnownFileType = sourcecode.swift; path = PlayerViewController.swift; sourceTree = "<group>"; };
		34D45086239D612D00CBA933 /* audioRecord.storyboard */ = {isa = PBXFileReference; lastKnownFileType = file.storyboard; path = audioRecord.storyboard; sourceTree = "<group>"; };
		34D45088239D62BB00CBA933 /* audioRecordViewController.swift */ = {isa = PBXFileReference; lastKnownFileType = sourcecode.swift; path = audioRecordViewController.swift; sourceTree = "<group>"; };
		429ADCFD2391554B009A4B53 /* OnboardCollectionViewCell1.swift */ = {isa = PBXFileReference; lastKnownFileType = sourcecode.swift; path = OnboardCollectionViewCell1.swift; sourceTree = "<group>"; };
		429ADCFF2391555D009A4B53 /* OnboardCollectionViewCell2.swift */ = {isa = PBXFileReference; lastKnownFileType = sourcecode.swift; path = OnboardCollectionViewCell2.swift; sourceTree = "<group>"; };
		429ADD012391556D009A4B53 /* OnboardCollectionViewCell3.swift */ = {isa = PBXFileReference; lastKnownFileType = sourcecode.swift; path = OnboardCollectionViewCell3.swift; sourceTree = "<group>"; };
		429ADD0323915580009A4B53 /* OnboardCollectionViewCell4.swift */ = {isa = PBXFileReference; lastKnownFileType = sourcecode.swift; path = OnboardCollectionViewCell4.swift; sourceTree = "<group>"; };
		429ADD0523915591009A4B53 /* OnboardCollectionViewCell5.swift */ = {isa = PBXFileReference; lastKnownFileType = sourcecode.swift; path = OnboardCollectionViewCell5.swift; sourceTree = "<group>"; };
		6C1147B1238D47A7008821AE /* ChildTableViewController.swift */ = {isa = PBXFileReference; lastKnownFileType = sourcecode.swift; path = ChildTableViewController.swift; sourceTree = "<group>"; };
		6C1147B3238D4C32008821AE /* Child.swift */ = {isa = PBXFileReference; lastKnownFileType = sourcecode.swift; name = Child.swift; path = OompaLoompa/Controller/Child.swift; sourceTree = SOURCE_ROOT; };
		6C1147B7238D530C008821AE /* Model.swift */ = {isa = PBXFileReference; lastKnownFileType = sourcecode.swift; name = Model.swift; path = OompaLoompa/Controller/Model.swift; sourceTree = SOURCE_ROOT; };
		6C1147B9238EA585008821AE /* ChildCard.swift */ = {isa = PBXFileReference; lastKnownFileType = sourcecode.swift; path = ChildCard.swift; sourceTree = "<group>"; };
		6C1147BA238EA585008821AE /* ChildCard.xib */ = {isa = PBXFileReference; lastKnownFileType = file.xib; path = ChildCard.xib; sourceTree = "<group>"; };
		6C1147BF23900674008821AE /* ModalViewController.swift */ = {isa = PBXFileReference; lastKnownFileType = sourcecode.swift; name = ModalViewController.swift; path = OompaLoompa/View/ModalViewController.swift; sourceTree = SOURCE_ROOT; };
		6C22D3DE23913EFA00C63939 /* RespondidasCell.swift */ = {isa = PBXFileReference; fileEncoding = 4; lastKnownFileType = sourcecode.swift; path = RespondidasCell.swift; sourceTree = "<group>"; };
		6C25F7BA2395319500F466EC /* ImagePicker.swift */ = {isa = PBXFileReference; lastKnownFileType = sourcecode.swift; path = ImagePicker.swift; sourceTree = "<group>"; };
		6CCE390A2385849D0078B8CB /* OompaLoompa.app */ = {isa = PBXFileReference; explicitFileType = wrapper.application; includeInIndex = 0; path = OompaLoompa.app; sourceTree = BUILT_PRODUCTS_DIR; };
		6CCE390D2385849D0078B8CB /* AppDelegate.swift */ = {isa = PBXFileReference; lastKnownFileType = sourcecode.swift; path = AppDelegate.swift; sourceTree = "<group>"; };
		6CCE390F2385849D0078B8CB /* SceneDelegate.swift */ = {isa = PBXFileReference; lastKnownFileType = sourcecode.swift; path = SceneDelegate.swift; sourceTree = "<group>"; };
		6CCE39112385849D0078B8CB /* ViewController.swift */ = {isa = PBXFileReference; lastKnownFileType = sourcecode.swift; path = ViewController.swift; sourceTree = "<group>"; };
		6CCE39142385849D0078B8CB /* Base */ = {isa = PBXFileReference; lastKnownFileType = file.storyboard; name = Base; path = Base.lproj/Main.storyboard; sourceTree = "<group>"; };
		6CCE3916238584A10078B8CB /* Assets.xcassets */ = {isa = PBXFileReference; lastKnownFileType = folder.assetcatalog; path = Assets.xcassets; sourceTree = "<group>"; };
		6CCE3919238584A10078B8CB /* Base */ = {isa = PBXFileReference; lastKnownFileType = file.storyboard; name = Base; path = Base.lproj/LaunchScreen.storyboard; sourceTree = "<group>"; };
		6CCE391B238584A10078B8CB /* Info.plist */ = {isa = PBXFileReference; lastKnownFileType = text.plist.xml; path = Info.plist; sourceTree = "<group>"; };
		6CCE39242388197E0078B8CB /* Login.storyboard */ = {isa = PBXFileReference; lastKnownFileType = file.storyboard; path = Login.storyboard; sourceTree = "<group>"; };
		6CCE392A23881F290078B8CB /* ChildrenScreen.storyboard */ = {isa = PBXFileReference; lastKnownFileType = file.storyboard; path = ChildrenScreen.storyboard; sourceTree = "<group>"; };
		6CCE392C23881F5C0078B8CB /* ChildrenViewController.swift */ = {isa = PBXFileReference; lastKnownFileType = sourcecode.swift; path = ChildrenViewController.swift; sourceTree = "<group>"; };
		6CCE392E238820C80078B8CB /* SendMail.storyboard */ = {isa = PBXFileReference; lastKnownFileType = file.storyboard; path = SendMail.storyboard; sourceTree = "<group>"; };
		6CCE3930238820F00078B8CB /* ReceiveMail.storyboard */ = {isa = PBXFileReference; lastKnownFileType = file.storyboard; path = ReceiveMail.storyboard; sourceTree = "<group>"; };
		6CCE39322388213F0078B8CB /* ReceiveMailViewController.swift */ = {isa = PBXFileReference; lastKnownFileType = sourcecode.swift; path = ReceiveMailViewController.swift; sourceTree = "<group>"; };
		6CCE3934238821A40078B8CB /* SendMailViewController.swift */ = {isa = PBXFileReference; lastKnownFileType = sourcecode.swift; path = SendMailViewController.swift; sourceTree = "<group>"; };
		6CCE3936238821E90078B8CB /* ParentConfiguration.storyboard */ = {isa = PBXFileReference; lastKnownFileType = file.storyboard; path = ParentConfiguration.storyboard; sourceTree = "<group>"; };
		6CCE39382388222E0078B8CB /* ParentConfigurationViewController.swift */ = {isa = PBXFileReference; lastKnownFileType = sourcecode.swift; path = ParentConfigurationViewController.swift; sourceTree = "<group>"; };
		6CD20DE423992CF300CE4175 /* Letters.swift */ = {isa = PBXFileReference; lastKnownFileType = sourcecode.swift; name = Letters.swift; path = OompaLoompa/Controller/Letters.swift; sourceTree = SOURCE_ROOT; };
		6CD20DE82399363600CE4175 /* PencilKitNavigationController.swift */ = {isa = PBXFileReference; lastKnownFileType = sourcecode.swift; path = PencilKitNavigationController.swift; sourceTree = "<group>"; };
		6CD20DEA2399398D00CE4175 /* DrawingData.swift */ = {isa = PBXFileReference; lastKnownFileType = sourcecode.swift; name = DrawingData.swift; path = OompaLoompa/Controller/DrawingData.swift; sourceTree = SOURCE_ROOT; };
		6CD20DEC239A79B700CE4175 /* PencilKit.framework */ = {isa = PBXFileReference; lastKnownFileType = wrapper.framework; name = PencilKit.framework; path = System/Library/Frameworks/PencilKit.framework; sourceTree = SDKROOT; };
		6CD20DF0239DC76A00CE4175 /* LetterCollectionViewCell.swift */ = {isa = PBXFileReference; lastKnownFileType = sourcecode.swift; path = LetterCollectionViewCell.swift; sourceTree = "<group>"; };
		6CD20DF1239DC76A00CE4175 /* LetterCollectionViewCell.xib */ = {isa = PBXFileReference; lastKnownFileType = file.xib; path = LetterCollectionViewCell.xib; sourceTree = "<group>"; };
		6CD20DF4239E906A00CE4175 /* OpenLetterViewController.swift */ = {isa = PBXFileReference; lastKnownFileType = sourcecode.swift; path = OpenLetterViewController.swift; sourceTree = "<group>"; };
		6CD20DF6239F0C1A00CE4175 /* ReplyLetterViewController.swift */ = {isa = PBXFileReference; lastKnownFileType = sourcecode.swift; path = ReplyLetterViewController.swift; sourceTree = "<group>"; };
		6CD20DF8239F23CA00CE4175 /* UIViewController+Extensions.swift */ = {isa = PBXFileReference; lastKnownFileType = sourcecode.swift; path = "UIViewController+Extensions.swift"; sourceTree = "<group>"; };
		6CD20DFA239F298800CE4175 /* OpenSantaLetterViewController.swift */ = {isa = PBXFileReference; lastKnownFileType = sourcecode.swift; path = OpenSantaLetterViewController.swift; sourceTree = "<group>"; };
		6CE03D0D23968D0C00019294 /* SendDrawing.storyboard */ = {isa = PBXFileReference; lastKnownFileType = file.storyboard; path = SendDrawing.storyboard; sourceTree = "<group>"; };
		6CE03D0F23968D3A00019294 /* SendDrawingViewController.swift */ = {isa = PBXFileReference; lastKnownFileType = sourcecode.swift; path = SendDrawingViewController.swift; sourceTree = "<group>"; };
		CD62EAC7239D8961009E3907 /* Poppins-Thin.ttf */ = {isa = PBXFileReference; lastKnownFileType = file; path = "Poppins-Thin.ttf"; sourceTree = "<group>"; };
		CD62EAC8239D8961009E3907 /* Poppins-Regular.ttf */ = {isa = PBXFileReference; lastKnownFileType = file; path = "Poppins-Regular.ttf"; sourceTree = "<group>"; };
		CD62EACE239D8962009E3907 /* Poppins-Bold.ttf */ = {isa = PBXFileReference; lastKnownFileType = file; path = "Poppins-Bold.ttf"; sourceTree = "<group>"; };
		CD62EAD0239D8962009E3907 /* Poppins-Medium.ttf */ = {isa = PBXFileReference; lastKnownFileType = file; path = "Poppins-Medium.ttf"; sourceTree = "<group>"; };
		CD62EAD5239D8962009E3907 /* Poppins-Light.ttf */ = {isa = PBXFileReference; lastKnownFileType = file; path = "Poppins-Light.ttf"; sourceTree = "<group>"; };
		CD62EAD6239D8963009E3907 /* Poppins-SemiBold.ttf */ = {isa = PBXFileReference; lastKnownFileType = file; path = "Poppins-SemiBold.ttf"; sourceTree = "<group>"; };
		CD62EAEC239F1C44009E3907 /* santawillread.wav */ = {isa = PBXFileReference; lastKnownFileType = audio.wav; path = santawillread.wav; sourceTree = "<group>"; };
		CD62EAED239F1C44009E3907 /* letsdoit.wav */ = {isa = PBXFileReference; lastKnownFileType = audio.wav; path = letsdoit.wav; sourceTree = "<group>"; };
		CD62EAEE239F1C44009E3907 /* ijustgotyourletter.wav */ = {isa = PBXFileReference; lastKnownFileType = audio.wav; path = ijustgotyourletter.wav; sourceTree = "<group>"; };
		CD62EAEF239F1C45009E3907 /* hohoho.wav */ = {isa = PBXFileReference; lastKnownFileType = audio.wav; path = hohoho.wav; sourceTree = "<group>"; };
		CD62EAF0239F1C45009E3907 /* wecanpost.wav */ = {isa = PBXFileReference; lastKnownFileType = audio.wav; path = wecanpost.wav; sourceTree = "<group>"; };
		CD62EAF1239F1C45009E3907 /* hi.wav */ = {isa = PBXFileReference; lastKnownFileType = audio.wav; path = hi.wav; sourceTree = "<group>"; };
		CD62EAF2239F1C45009E3907 /* congrats.wav */ = {isa = PBXFileReference; lastKnownFileType = audio.wav; path = congrats.wav; sourceTree = "<group>"; };
		CD62EAF3239F1C45009E3907 /* merryxmas.wav */ = {isa = PBXFileReference; lastKnownFileType = audio.wav; path = merryxmas.wav; sourceTree = "<group>"; };
		CD62EAF4239F1C45009E3907 /* postoffice.wav */ = {isa = PBXFileReference; lastKnownFileType = audio.wav; path = postoffice.wav; sourceTree = "<group>"; };
		CD62EAF5239F1C45009E3907 /* longtripahead.wav */ = {isa = PBXFileReference; lastKnownFileType = audio.wav; path = longtripahead.wav; sourceTree = "<group>"; };
		CD62EAF6239F1C45009E3907 /* finishletter.wav */ = {isa = PBXFileReference; lastKnownFileType = audio.wav; path = finishletter.wav; sourceTree = "<group>"; };
		CD62EAF7239F1C46009E3907 /* youcandraw.wav */ = {isa = PBXFileReference; lastKnownFileType = audio.wav; path = youcandraw.wav; sourceTree = "<group>"; };
		CD62EAF8239F1C46009E3907 /* santaletter.wav */ = {isa = PBXFileReference; lastKnownFileType = audio.wav; path = santaletter.wav; sourceTree = "<group>"; };
		CD62EAF9239F1C46009E3907 /* yourletterisonway.wav */ = {isa = PBXFileReference; lastKnownFileType = audio.wav; path = yourletterisonway.wav; sourceTree = "<group>"; };
		CD62EAFA239F1C47009E3907 /* wishpile.wav */ = {isa = PBXFileReference; lastKnownFileType = audio.wav; path = wishpile.wav; sourceTree = "<group>"; };
		CD9FA55F238C11B5002768BD /* OnBoardViewController.swift */ = {isa = PBXFileReference; lastKnownFileType = sourcecode.swift; path = OnBoardViewController.swift; sourceTree = "<group>"; };
		CDC206FE239941E100A9B6A4 /* CustomAudioPlayer.swift */ = {isa = PBXFileReference; lastKnownFileType = sourcecode.swift; name = CustomAudioPlayer.swift; path = OompaLoompa/CustomAudioPlayer.swift; sourceTree = SOURCE_ROOT; };
		CDC20700239944D400A9B6A4 /* Music.swift */ = {isa = PBXFileReference; lastKnownFileType = sourcecode.swift; name = Music.swift; path = OompaLoompa/Music.swift; sourceTree = SOURCE_ROOT; };
		CDC20702239945B800A9B6A4 /* MusicPlayer.swift */ = {isa = PBXFileReference; lastKnownFileType = sourcecode.swift; name = MusicPlayer.swift; path = OompaLoompa/MusicPlayer.swift; sourceTree = SOURCE_ROOT; };
		CDC5818E2397F66A000E3FB0 /* musica1.wav */ = {isa = PBXFileReference; lastKnownFileType = audio.wav; path = musica1.wav; sourceTree = "<group>"; };
		CDC5818F2397F66A000E3FB0 /* musica2.wav */ = {isa = PBXFileReference; lastKnownFileType = audio.wav; path = musica2.wav; sourceTree = "<group>"; };
		CDC581902397F66B000E3FB0 /* musica3.wav */ = {isa = PBXFileReference; lastKnownFileType = audio.wav; path = musica3.wav; sourceTree = "<group>"; };
		CDC581952397F95B000E3FB0 /* Sino 1.wav */ = {isa = PBXFileReference; lastKnownFileType = audio.wav; path = "Sino 1.wav"; sourceTree = "<group>"; };
		CDC581962397F95B000E3FB0 /* Correio 3.wav */ = {isa = PBXFileReference; lastKnownFileType = audio.wav; path = "Correio 3.wav"; sourceTree = "<group>"; };
		CDC581972397F95B000E3FB0 /* dobra2.wav */ = {isa = PBXFileReference; lastKnownFileType = audio.wav; path = dobra2.wav; sourceTree = "<group>"; };
		CDC581982397F95C000E3FB0 /* Sino 2.wav */ = {isa = PBXFileReference; lastKnownFileType = audio.wav; path = "Sino 2.wav"; sourceTree = "<group>"; };
		CDC581992397F95C000E3FB0 /* dobra1.wav */ = {isa = PBXFileReference; lastKnownFileType = audio.wav; path = dobra1.wav; sourceTree = "<group>"; };
		CDC5819A2397F95C000E3FB0 /* Correio 1.wav */ = {isa = PBXFileReference; lastKnownFileType = audio.wav; path = "Correio 1.wav"; sourceTree = "<group>"; };
		CDC5819B2397F95C000E3FB0 /* dobra3.wav */ = {isa = PBXFileReference; lastKnownFileType = audio.wav; path = dobra3.wav; sourceTree = "<group>"; };
		CDC5819C2397F95C000E3FB0 /* Correio 4.wav */ = {isa = PBXFileReference; lastKnownFileType = audio.wav; path = "Correio 4.wav"; sourceTree = "<group>"; };
		CDC5819D2397F95C000E3FB0 /* Plim.wav */ = {isa = PBXFileReference; lastKnownFileType = audio.wav; path = Plim.wav; sourceTree = "<group>"; };
		CDC5819E2397F95C000E3FB0 /* Correio 2.wav */ = {isa = PBXFileReference; lastKnownFileType = audio.wav; path = "Correio 2.wav"; sourceTree = "<group>"; };
		CDE958E02399345500118A5F /* Animation.storyboard */ = {isa = PBXFileReference; fileEncoding = 4; lastKnownFileType = file.storyboard; path = Animation.storyboard; sourceTree = "<group>"; };
		CDE958E22399346B00118A5F /* FoldViewController.swift */ = {isa = PBXFileReference; fileEncoding = 4; lastKnownFileType = sourcecode.swift; path = FoldViewController.swift; sourceTree = "<group>"; };
		CDE958E32399346B00118A5F /* GameScene.swift */ = {isa = PBXFileReference; fileEncoding = 4; lastKnownFileType = sourcecode.swift; path = GameScene.swift; sourceTree = "<group>"; };
/* End PBXFileReference section */

/* Begin PBXFrameworksBuildPhase section */
		6CCE39072385849D0078B8CB /* Frameworks */ = {
			isa = PBXFrameworksBuildPhase;
			buildActionMask = 2147483647;
			files = (
				6CD20DED239A79B800CE4175 /* PencilKit.framework in Frameworks */,
				EF868275995DB0E7C8396837 /* (null) in Frameworks */,
			);
			runOnlyForDeploymentPostprocessing = 0;
		};
/* End PBXFrameworksBuildPhase section */

/* Begin PBXGroup section */
		3B77B5FD9984EDCC1AA965C6 /* Frameworks */ = {
			isa = PBXGroup;
			children = (
				6CD20DEC239A79B700CE4175 /* PencilKit.framework */,
			);
			name = Frameworks;
			sourceTree = "<group>";
		};
		6CCE39012385849D0078B8CB = {
			isa = PBXGroup;
			children = (
				6CCE390C2385849D0078B8CB /* OompaLoompa */,
				6CCE390B2385849D0078B8CB /* Products */,
				3B77B5FD9984EDCC1AA965C6 /* Frameworks */,
			);
			sourceTree = "<group>";
		};
		6CCE390B2385849D0078B8CB /* Products */ = {
			isa = PBXGroup;
			children = (
				6CCE390A2385849D0078B8CB /* OompaLoompa.app */,
			);
			name = Products;
			sourceTree = "<group>";
		};
		6CCE390C2385849D0078B8CB /* OompaLoompa */ = {
			isa = PBXGroup;
			children = (
				CD62EAC5239D88DD009E3907 /* Fonts */,
				6CCE3916238584A10078B8CB /* Assets.xcassets */,
				CDC5818C2397F5A0000E3FB0 /* Sound Assets */,
				6CCE3923238584F10078B8CB /* Controller */,
				6CCE3922238584EC0078B8CB /* View */,
				6CCE3921238584E20078B8CB /* Model */,
				6CCE391B238584A10078B8CB /* Info.plist */,
			);
			path = OompaLoompa;
			sourceTree = "<group>";
		};
		6CCE3921238584E20078B8CB /* Model */ = {
			isa = PBXGroup;
			children = (
				6C1147B3238D4C32008821AE /* Child.swift */,
				6C1147B7238D530C008821AE /* Model.swift */,
				6CD20DE423992CF300CE4175 /* Letters.swift */,
				CDC206FE239941E100A9B6A4 /* CustomAudioPlayer.swift */,
				CDC20700239944D400A9B6A4 /* Music.swift */,
				CDC20702239945B800A9B6A4 /* MusicPlayer.swift */,
				6CD20DEA2399398D00CE4175 /* DrawingData.swift */,
			);
			path = Model;
			sourceTree = "<group>";
		};
		6CCE3922238584EC0078B8CB /* View */ = {
			isa = PBXGroup;
			children = (
				6CCE39132385849D0078B8CB /* Main.storyboard */,
				6C1147B9238EA585008821AE /* ChildCard.swift */,
				6C1147BA238EA585008821AE /* ChildCard.xib */,
				6CCE3918238584A10078B8CB /* LaunchScreen.storyboard */,
				6C22D3DE23913EFA00C63939 /* RespondidasCell.swift */,
				6CCE39242388197E0078B8CB /* Login.storyboard */,
				CDE958E02399345500118A5F /* Animation.storyboard */,
				6CCE392A23881F290078B8CB /* ChildrenScreen.storyboard */,
				6CCE392E238820C80078B8CB /* SendMail.storyboard */,
				6CCE3930238820F00078B8CB /* ReceiveMail.storyboard */,
				6CCE3936238821E90078B8CB /* ParentConfiguration.storyboard */,
				6C25F7BA2395319500F466EC /* ImagePicker.swift */,
				6CE03D0D23968D0C00019294 /* SendDrawing.storyboard */,
				34D45086239D612D00CBA933 /* audioRecord.storyboard */,
				6CD20DF0239DC76A00CE4175 /* LetterCollectionViewCell.swift */,
				6CD20DF1239DC76A00CE4175 /* LetterCollectionViewCell.xib */,
			);
			path = View;
			sourceTree = "<group>";
		};
		6CCE3923238584F10078B8CB /* Controller */ = {
			isa = PBXGroup;
			children = (
				6C1147BF23900674008821AE /* ModalViewController.swift */,
				6CCE39112385849D0078B8CB /* ViewController.swift */,
				6CCE390D2385849D0078B8CB /* AppDelegate.swift */,
				6CCE390F2385849D0078B8CB /* SceneDelegate.swift */,
				6CCE392C23881F5C0078B8CB /* ChildrenViewController.swift */,
				6CCE39322388213F0078B8CB /* ReceiveMailViewController.swift */,
				6CCE3934238821A40078B8CB /* SendMailViewController.swift */,
				6CCE39382388222E0078B8CB /* ParentConfigurationViewController.swift */,
				6C1147B1238D47A7008821AE /* ChildTableViewController.swift */,
				CD9FA55F238C11B5002768BD /* OnBoardViewController.swift */,
				429ADCFD2391554B009A4B53 /* OnboardCollectionViewCell1.swift */,
				429ADCFF2391555D009A4B53 /* OnboardCollectionViewCell2.swift */,
				429ADD012391556D009A4B53 /* OnboardCollectionViewCell3.swift */,
				CDE958E22399346B00118A5F /* FoldViewController.swift */,
				CDE958E32399346B00118A5F /* GameScene.swift */,
				429ADD0323915580009A4B53 /* OnboardCollectionViewCell4.swift */,
				429ADD0523915591009A4B53 /* OnboardCollectionViewCell5.swift */,
				6CE03D0F23968D3A00019294 /* SendDrawingViewController.swift */,
				34D45088239D62BB00CBA933 /* audioRecordViewController.swift */,
				6CD20DE82399363600CE4175 /* PencilKitNavigationController.swift */,
				34235035239DA22300C1DBFA /* PlayerViewController.swift */,
				6CD20DF4239E906A00CE4175 /* OpenLetterViewController.swift */,
				6CD20DF6239F0C1A00CE4175 /* ReplyLetterViewController.swift */,
				6CD20DF8239F23CA00CE4175 /* UIViewController+Extensions.swift */,
				6CD20DFA239F298800CE4175 /* OpenSantaLetterViewController.swift */,
			);
			path = Controller;
			sourceTree = "<group>";
		};
		CD62EAC5239D88DD009E3907 /* Fonts */ = {
			isa = PBXGroup;
			children = (
				CD62EAC6239D894F009E3907 /* Poppins */,
			);
			path = Fonts;
			sourceTree = "<group>";
		};
		CD62EAC6239D894F009E3907 /* Poppins */ = {
			isa = PBXGroup;
			children = (
				CD62EACE239D8962009E3907 /* Poppins-Bold.ttf */,
				CD62EAD5239D8962009E3907 /* Poppins-Light.ttf */,
				CD62EAD0239D8962009E3907 /* Poppins-Medium.ttf */,
				CD62EAC8239D8961009E3907 /* Poppins-Regular.ttf */,
				CD62EAD6239D8963009E3907 /* Poppins-SemiBold.ttf */,
				CD62EAC7239D8961009E3907 /* Poppins-Thin.ttf */,
			);
			path = Poppins;
			sourceTree = "<group>";
		};
		CD62EAEB239F1BD0009E3907 /* Dialogue */ = {
			isa = PBXGroup;
			children = (
				CD62EAF2239F1C45009E3907 /* congrats.wav */,
				CD62EAF6239F1C45009E3907 /* finishletter.wav */,
				CD62EAF1239F1C45009E3907 /* hi.wav */,
				CD62EAEF239F1C45009E3907 /* hohoho.wav */,
				CD62EAEE239F1C44009E3907 /* ijustgotyourletter.wav */,
				CD62EAED239F1C44009E3907 /* letsdoit.wav */,
				CD62EAF5239F1C45009E3907 /* longtripahead.wav */,
				CD62EAF3239F1C45009E3907 /* merryxmas.wav */,
				CD62EAF4239F1C45009E3907 /* postoffice.wav */,
				CD62EAF8239F1C46009E3907 /* santaletter.wav */,
				CD62EAEC239F1C44009E3907 /* santawillread.wav */,
				CD62EAF0239F1C45009E3907 /* wecanpost.wav */,
				CD62EAFA239F1C47009E3907 /* wishpile.wav */,
				CD62EAF7239F1C46009E3907 /* youcandraw.wav */,
				CD62EAF9239F1C46009E3907 /* yourletterisonway.wav */,
			);
			path = Dialogue;
			sourceTree = "<group>";
		};
		CDC5818C2397F5A0000E3FB0 /* Sound Assets */ = {
			isa = PBXGroup;
			children = (
				CD62EAEB239F1BD0009E3907 /* Dialogue */,
				CDC581942397F6E1000E3FB0 /* Effects */,
				CDC5818D2397F63D000E3FB0 /* Music */,
			);
			path = "Sound Assets";
			sourceTree = "<group>";
		};
		CDC5818D2397F63D000E3FB0 /* Music */ = {
			isa = PBXGroup;
			children = (
				CDC5818E2397F66A000E3FB0 /* musica1.wav */,
				CDC5818F2397F66A000E3FB0 /* musica2.wav */,
				CDC581902397F66B000E3FB0 /* musica3.wav */,
			);
			path = Music;
			sourceTree = "<group>";
		};
		CDC581942397F6E1000E3FB0 /* Effects */ = {
			isa = PBXGroup;
			children = (
				CDC5819A2397F95C000E3FB0 /* Correio 1.wav */,
				CDC5819E2397F95C000E3FB0 /* Correio 2.wav */,
				CDC581962397F95B000E3FB0 /* Correio 3.wav */,
				CDC5819C2397F95C000E3FB0 /* Correio 4.wav */,
				CDC581992397F95C000E3FB0 /* dobra1.wav */,
				CDC581972397F95B000E3FB0 /* dobra2.wav */,
				CDC5819B2397F95C000E3FB0 /* dobra3.wav */,
				CDC5819D2397F95C000E3FB0 /* Plim.wav */,
				CDC581952397F95B000E3FB0 /* Sino 1.wav */,
				CDC581982397F95C000E3FB0 /* Sino 2.wav */,
			);
			path = Effects;
			sourceTree = "<group>";
		};
/* End PBXGroup section */

/* Begin PBXNativeTarget section */
		6CCE39092385849D0078B8CB /* OompaLoompa */ = {
			isa = PBXNativeTarget;
			buildConfigurationList = 6CCE391E238584A20078B8CB /* Build configuration list for PBXNativeTarget "OompaLoompa" */;
			buildPhases = (
				6CCE39062385849D0078B8CB /* Sources */,
				6CCE39072385849D0078B8CB /* Frameworks */,
				6CCE39082385849D0078B8CB /* Resources */,
			);
			buildRules = (
			);
			dependencies = (
			);
			name = OompaLoompa;
			productName = OompaLoompa;
			productReference = 6CCE390A2385849D0078B8CB /* OompaLoompa.app */;
			productType = "com.apple.product-type.application";
		};
/* End PBXNativeTarget section */

/* Begin PBXProject section */
		6CCE39022385849D0078B8CB /* Project object */ = {
			isa = PBXProject;
			attributes = {
				LastSwiftUpdateCheck = 1110;
				LastUpgradeCheck = 1110;
				ORGANIZATIONNAME = "Pyettra Ferreira";
				TargetAttributes = {
					6CCE39092385849D0078B8CB = {
						CreatedOnToolsVersion = 11.1;
					};
				};
			};
			buildConfigurationList = 6CCE39052385849D0078B8CB /* Build configuration list for PBXProject "OompaLoompa" */;
			compatibilityVersion = "Xcode 9.3";
			developmentRegion = en;
			hasScannedForEncodings = 0;
			knownRegions = (
				en,
				Base,
			);
			mainGroup = 6CCE39012385849D0078B8CB;
			productRefGroup = 6CCE390B2385849D0078B8CB /* Products */;
			projectDirPath = "";
			projectRoot = "";
			targets = (
				6CCE39092385849D0078B8CB /* OompaLoompa */,
			);
		};
/* End PBXProject section */

/* Begin PBXResourcesBuildPhase section */
		6CCE39082385849D0078B8CB /* Resources */ = {
			isa = PBXResourcesBuildPhase;
			buildActionMask = 2147483647;
			files = (
				34D45087239D612D00CBA933 /* audioRecord.storyboard in Resources */,
				CDC581A32397F95C000E3FB0 /* dobra1.wav in Resources */,
				6CCE39252388197E0078B8CB /* Login.storyboard in Resources */,
				CD62EADA239D8963009E3907 /* Poppins-Regular.ttf in Resources */,
				CD62EB01239F1C47009E3907 /* congrats.wav in Resources */,
				6CD20DF3239DC76A00CE4175 /* LetterCollectionViewCell.xib in Resources */,
				CD62EAD9239D8963009E3907 /* Poppins-Thin.ttf in Resources */,
				CDC581912397F66B000E3FB0 /* musica1.wav in Resources */,
				CDE958E12399345500118A5F /* Animation.storyboard in Resources */,
				CD62EB02239F1C47009E3907 /* merryxmas.wav in Resources */,
				CD62EAE0239D8963009E3907 /* Poppins-Bold.ttf in Resources */,
				CDC581922397F66B000E3FB0 /* musica2.wav in Resources */,
				CD62EB08239F1C47009E3907 /* yourletterisonway.wav in Resources */,
				CD62EAE7239D8963009E3907 /* Poppins-Light.ttf in Resources */,
				6CCE3931238820F00078B8CB /* ReceiveMail.storyboard in Resources */,
				6CCE392F238820C80078B8CB /* SendMail.storyboard in Resources */,
				CD62EB00239F1C47009E3907 /* hi.wav in Resources */,
				CD62EAFD239F1C47009E3907 /* ijustgotyourletter.wav in Resources */,
				CDC581A52397F95C000E3FB0 /* dobra3.wav in Resources */,
				CDC581A62397F95C000E3FB0 /* Correio 4.wav in Resources */,
				CDC581A42397F95C000E3FB0 /* Correio 1.wav in Resources */,
				6CCE391A238584A10078B8CB /* LaunchScreen.storyboard in Resources */,
				CDC581932397F66B000E3FB0 /* musica3.wav in Resources */,
				CD62EAFE239F1C47009E3907 /* hohoho.wav in Resources */,
				CDC581A02397F95C000E3FB0 /* Correio 3.wav in Resources */,
				CD62EB09239F1C47009E3907 /* wishpile.wav in Resources */,
				6C1147BC238EA585008821AE /* ChildCard.xib in Resources */,
				CD62EB03239F1C47009E3907 /* postoffice.wav in Resources */,
				CD62EB07239F1C47009E3907 /* santaletter.wav in Resources */,
				CD62EAFB239F1C47009E3907 /* santawillread.wav in Resources */,
				6CCE3917238584A10078B8CB /* Assets.xcassets in Resources */,
				CDC581A82397F95C000E3FB0 /* Correio 2.wav in Resources */,
				CD62EB05239F1C47009E3907 /* finishletter.wav in Resources */,
				6CCE39152385849D0078B8CB /* Main.storyboard in Resources */,
				CD62EB06239F1C47009E3907 /* youcandraw.wav in Resources */,
				6CE03D0E23968D0C00019294 /* SendDrawing.storyboard in Resources */,
				6CCE392B23881F290078B8CB /* ChildrenScreen.storyboard in Resources */,
				CD62EAFC239F1C47009E3907 /* letsdoit.wav in Resources */,
				CD62EAE2239D8963009E3907 /* Poppins-Medium.ttf in Resources */,
				CD62EAE8239D8963009E3907 /* Poppins-SemiBold.ttf in Resources */,
				6CCE3937238821E90078B8CB /* ParentConfiguration.storyboard in Resources */,
				CDC581A12397F95C000E3FB0 /* dobra2.wav in Resources */,
				CD62EB04239F1C47009E3907 /* longtripahead.wav in Resources */,
				CDC5819F2397F95C000E3FB0 /* Sino 1.wav in Resources */,
				CDC581A72397F95C000E3FB0 /* Plim.wav in Resources */,
				CDC581A22397F95C000E3FB0 /* Sino 2.wav in Resources */,
				CD62EAFF239F1C47009E3907 /* wecanpost.wav in Resources */,
			);
			runOnlyForDeploymentPostprocessing = 0;
		};
/* End PBXResourcesBuildPhase section */

/* Begin PBXSourcesBuildPhase section */
		6CCE39062385849D0078B8CB /* Sources */ = {
			isa = PBXSourcesBuildPhase;
			buildActionMask = 2147483647;
			files = (
				429ADD0423915580009A4B53 /* OnboardCollectionViewCell4.swift in Sources */,
				CDC20701239944D400A9B6A4 /* Music.swift in Sources */,
				6C22D3DF23913EFA00C63939 /* RespondidasCell.swift in Sources */,
				6CCE39332388213F0078B8CB /* ReceiveMailViewController.swift in Sources */,
				429ADD002391555D009A4B53 /* OnboardCollectionViewCell2.swift in Sources */,
				34235036239DA22300C1DBFA /* PlayerViewController.swift in Sources */,
				429ADD022391556D009A4B53 /* OnboardCollectionViewCell3.swift in Sources */,
				6CE03D1023968D3A00019294 /* SendDrawingViewController.swift in Sources */,
				6CCE39122385849D0078B8CB /* ViewController.swift in Sources */,
				6CD20DF7239F0C1B00CE4175 /* ReplyLetterViewController.swift in Sources */,
				429ADCFE2391554C009A4B53 /* OnboardCollectionViewCell1.swift in Sources */,
				6CCE39392388222E0078B8CB /* ParentConfigurationViewController.swift in Sources */,
				6CD20DE523992CF300CE4175 /* Letters.swift in Sources */,
				CDC206FF239941E200A9B6A4 /* CustomAudioPlayer.swift in Sources */,
				6CD20DFB239F298800CE4175 /* OpenSantaLetterViewController.swift in Sources */,
				6CCE390E2385849D0078B8CB /* AppDelegate.swift in Sources */,
				6C1147C023900674008821AE /* ModalViewController.swift in Sources */,
				34D45089239D62BB00CBA933 /* audioRecordViewController.swift in Sources */,
				6CD20DF9239F23CA00CE4175 /* UIViewController+Extensions.swift in Sources */,
				6CD20DF2239DC76A00CE4175 /* LetterCollectionViewCell.swift in Sources */,
				6CD20DE92399363600CE4175 /* PencilKitNavigationController.swift in Sources */,
				6CCE392D23881F5C0078B8CB /* ChildrenViewController.swift in Sources */,
				6CCE3935238821A40078B8CB /* SendMailViewController.swift in Sources */,
				6CD20DF5239E906B00CE4175 /* OpenLetterViewController.swift in Sources */,
				429ADD0623915591009A4B53 /* OnboardCollectionViewCell5.swift in Sources */,
				6C1147B2238D47A7008821AE /* ChildTableViewController.swift in Sources */,
				6C1147BB238EA585008821AE /* ChildCard.swift in Sources */,
				CDE958E42399346B00118A5F /* FoldViewController.swift in Sources */,
				CDC20703239945B800A9B6A4 /* MusicPlayer.swift in Sources */,
				CDE958E52399346B00118A5F /* GameScene.swift in Sources */,
				6CD20DEB2399398D00CE4175 /* DrawingData.swift in Sources */,
				6C1147B8238D530C008821AE /* Model.swift in Sources */,
				6C1147B4238D4C32008821AE /* Child.swift in Sources */,
				6C25F7BB2395319500F466EC /* ImagePicker.swift in Sources */,
				CD9FA560238C11B5002768BD /* OnBoardViewController.swift in Sources */,
				6CCE39102385849D0078B8CB /* SceneDelegate.swift in Sources */,
			);
			runOnlyForDeploymentPostprocessing = 0;
		};
/* End PBXSourcesBuildPhase section */

/* Begin PBXVariantGroup section */
		6CCE39132385849D0078B8CB /* Main.storyboard */ = {
			isa = PBXVariantGroup;
			children = (
				6CCE39142385849D0078B8CB /* Base */,
			);
			name = Main.storyboard;
			sourceTree = "<group>";
		};
		6CCE3918238584A10078B8CB /* LaunchScreen.storyboard */ = {
			isa = PBXVariantGroup;
			children = (
				6CCE3919238584A10078B8CB /* Base */,
			);
			name = LaunchScreen.storyboard;
			sourceTree = "<group>";
		};
/* End PBXVariantGroup section */

/* Begin XCBuildConfiguration section */
		6CCE391C238584A20078B8CB /* Debug */ = {
			isa = XCBuildConfiguration;
			buildSettings = {
				ALWAYS_SEARCH_USER_PATHS = NO;
				CLANG_ANALYZER_NONNULL = YES;
				CLANG_ANALYZER_NUMBER_OBJECT_CONVERSION = YES_AGGRESSIVE;
				CLANG_CXX_LANGUAGE_STANDARD = "gnu++14";
				CLANG_CXX_LIBRARY = "libc++";
				CLANG_ENABLE_MODULES = YES;
				CLANG_ENABLE_OBJC_ARC = YES;
				CLANG_ENABLE_OBJC_WEAK = YES;
				CLANG_WARN_BLOCK_CAPTURE_AUTORELEASING = YES;
				CLANG_WARN_BOOL_CONVERSION = YES;
				CLANG_WARN_COMMA = YES;
				CLANG_WARN_CONSTANT_CONVERSION = YES;
				CLANG_WARN_DEPRECATED_OBJC_IMPLEMENTATIONS = YES;
				CLANG_WARN_DIRECT_OBJC_ISA_USAGE = YES_ERROR;
				CLANG_WARN_DOCUMENTATION_COMMENTS = YES;
				CLANG_WARN_EMPTY_BODY = YES;
				CLANG_WARN_ENUM_CONVERSION = YES;
				CLANG_WARN_INFINITE_RECURSION = YES;
				CLANG_WARN_INT_CONVERSION = YES;
				CLANG_WARN_NON_LITERAL_NULL_CONVERSION = YES;
				CLANG_WARN_OBJC_IMPLICIT_RETAIN_SELF = YES;
				CLANG_WARN_OBJC_LITERAL_CONVERSION = YES;
				CLANG_WARN_OBJC_ROOT_CLASS = YES_ERROR;
				CLANG_WARN_RANGE_LOOP_ANALYSIS = YES;
				CLANG_WARN_STRICT_PROTOTYPES = YES;
				CLANG_WARN_SUSPICIOUS_MOVE = YES;
				CLANG_WARN_UNGUARDED_AVAILABILITY = YES_AGGRESSIVE;
				CLANG_WARN_UNREACHABLE_CODE = YES;
				CLANG_WARN__DUPLICATE_METHOD_MATCH = YES;
				COPY_PHASE_STRIP = NO;
				DEBUG_INFORMATION_FORMAT = dwarf;
				ENABLE_STRICT_OBJC_MSGSEND = YES;
				ENABLE_TESTABILITY = YES;
				GCC_C_LANGUAGE_STANDARD = gnu11;
				GCC_DYNAMIC_NO_PIC = NO;
				GCC_NO_COMMON_BLOCKS = YES;
				GCC_OPTIMIZATION_LEVEL = 0;
				GCC_PREPROCESSOR_DEFINITIONS = (
					"DEBUG=1",
					"$(inherited)",
				);
				GCC_WARN_64_TO_32_BIT_CONVERSION = YES;
				GCC_WARN_ABOUT_RETURN_TYPE = YES_ERROR;
				GCC_WARN_UNDECLARED_SELECTOR = YES;
				GCC_WARN_UNINITIALIZED_AUTOS = YES_AGGRESSIVE;
				GCC_WARN_UNUSED_FUNCTION = YES;
				GCC_WARN_UNUSED_VARIABLE = YES;
				IPHONEOS_DEPLOYMENT_TARGET = 13.1;
				MTL_ENABLE_DEBUG_INFO = INCLUDE_SOURCE;
				MTL_FAST_MATH = YES;
				ONLY_ACTIVE_ARCH = YES;
				SDKROOT = iphoneos;
				SWIFT_ACTIVE_COMPILATION_CONDITIONS = DEBUG;
				SWIFT_OPTIMIZATION_LEVEL = "-Onone";
			};
			name = Debug;
		};
		6CCE391D238584A20078B8CB /* Release */ = {
			isa = XCBuildConfiguration;
			buildSettings = {
				ALWAYS_SEARCH_USER_PATHS = NO;
				CLANG_ANALYZER_NONNULL = YES;
				CLANG_ANALYZER_NUMBER_OBJECT_CONVERSION = YES_AGGRESSIVE;
				CLANG_CXX_LANGUAGE_STANDARD = "gnu++14";
				CLANG_CXX_LIBRARY = "libc++";
				CLANG_ENABLE_MODULES = YES;
				CLANG_ENABLE_OBJC_ARC = YES;
				CLANG_ENABLE_OBJC_WEAK = YES;
				CLANG_WARN_BLOCK_CAPTURE_AUTORELEASING = YES;
				CLANG_WARN_BOOL_CONVERSION = YES;
				CLANG_WARN_COMMA = YES;
				CLANG_WARN_CONSTANT_CONVERSION = YES;
				CLANG_WARN_DEPRECATED_OBJC_IMPLEMENTATIONS = YES;
				CLANG_WARN_DIRECT_OBJC_ISA_USAGE = YES_ERROR;
				CLANG_WARN_DOCUMENTATION_COMMENTS = YES;
				CLANG_WARN_EMPTY_BODY = YES;
				CLANG_WARN_ENUM_CONVERSION = YES;
				CLANG_WARN_INFINITE_RECURSION = YES;
				CLANG_WARN_INT_CONVERSION = YES;
				CLANG_WARN_NON_LITERAL_NULL_CONVERSION = YES;
				CLANG_WARN_OBJC_IMPLICIT_RETAIN_SELF = YES;
				CLANG_WARN_OBJC_LITERAL_CONVERSION = YES;
				CLANG_WARN_OBJC_ROOT_CLASS = YES_ERROR;
				CLANG_WARN_RANGE_LOOP_ANALYSIS = YES;
				CLANG_WARN_STRICT_PROTOTYPES = YES;
				CLANG_WARN_SUSPICIOUS_MOVE = YES;
				CLANG_WARN_UNGUARDED_AVAILABILITY = YES_AGGRESSIVE;
				CLANG_WARN_UNREACHABLE_CODE = YES;
				CLANG_WARN__DUPLICATE_METHOD_MATCH = YES;
				COPY_PHASE_STRIP = NO;
				DEBUG_INFORMATION_FORMAT = "dwarf-with-dsym";
				ENABLE_NS_ASSERTIONS = NO;
				ENABLE_STRICT_OBJC_MSGSEND = YES;
				GCC_C_LANGUAGE_STANDARD = gnu11;
				GCC_NO_COMMON_BLOCKS = YES;
				GCC_WARN_64_TO_32_BIT_CONVERSION = YES;
				GCC_WARN_ABOUT_RETURN_TYPE = YES_ERROR;
				GCC_WARN_UNDECLARED_SELECTOR = YES;
				GCC_WARN_UNINITIALIZED_AUTOS = YES_AGGRESSIVE;
				GCC_WARN_UNUSED_FUNCTION = YES;
				GCC_WARN_UNUSED_VARIABLE = YES;
				IPHONEOS_DEPLOYMENT_TARGET = 13.1;
				MTL_ENABLE_DEBUG_INFO = NO;
				MTL_FAST_MATH = YES;
				SDKROOT = iphoneos;
				SWIFT_COMPILATION_MODE = wholemodule;
				SWIFT_OPTIMIZATION_LEVEL = "-O";
				VALIDATE_PRODUCT = YES;
			};
			name = Release;
		};
		6CCE391F238584A20078B8CB /* Debug */ = {
			isa = XCBuildConfiguration;
			buildSettings = {
				ASSETCATALOG_COMPILER_APPICON_NAME = AppIcon;
				CODE_SIGN_STYLE = Automatic;
				DEVELOPMENT_TEAM = AMXQN329PY;
				INFOPLIST_FILE = OompaLoompa/Info.plist;
				LD_RUNPATH_SEARCH_PATHS = (
					"$(inherited)",
					"@executable_path/Frameworks",
				);
				PRODUCT_BUNDLE_IDENTIFIER = br.lu.OompaLoompa;
				PRODUCT_NAME = "$(TARGET_NAME)";
				SWIFT_VERSION = 5.0;
				TARGETED_DEVICE_FAMILY = "1,2";
			};
			name = Debug;
		};
		6CCE3920238584A20078B8CB /* Release */ = {
			isa = XCBuildConfiguration;
			buildSettings = {
				ASSETCATALOG_COMPILER_APPICON_NAME = AppIcon;
				CODE_SIGN_STYLE = Automatic;
				DEVELOPMENT_TEAM = AMXQN329PY;
				INFOPLIST_FILE = OompaLoompa/Info.plist;
				LD_RUNPATH_SEARCH_PATHS = (
					"$(inherited)",
					"@executable_path/Frameworks",
				);
				PRODUCT_BUNDLE_IDENTIFIER = br.lu.OompaLoompa;
				PRODUCT_NAME = "$(TARGET_NAME)";
				SWIFT_VERSION = 5.0;
				TARGETED_DEVICE_FAMILY = "1,2";
			};
			name = Release;
		};
/* End XCBuildConfiguration section */

/* Begin XCConfigurationList section */
		6CCE39052385849D0078B8CB /* Build configuration list for PBXProject "OompaLoompa" */ = {
			isa = XCConfigurationList;
			buildConfigurations = (
				6CCE391C238584A20078B8CB /* Debug */,
				6CCE391D238584A20078B8CB /* Release */,
			);
			defaultConfigurationIsVisible = 0;
			defaultConfigurationName = Release;
		};
		6CCE391E238584A20078B8CB /* Build configuration list for PBXNativeTarget "OompaLoompa" */ = {
			isa = XCConfigurationList;
			buildConfigurations = (
				6CCE391F238584A20078B8CB /* Debug */,
				6CCE3920238584A20078B8CB /* Release */,
			);
			defaultConfigurationIsVisible = 0;
			defaultConfigurationName = Release;
		};
/* End XCConfigurationList section */
	};
	rootObject = 6CCE39022385849D0078B8CB /* Project object */;
}
