// !$*UTF8*$!
{
	archiveVersion = 1;
	classes = {
	};
	objectVersion = 50;
	objects = {

/* Begin PBXBuildFile section */
		340021B1238D46A6005CDD09 /* RespondidasCell.swift in Sources */ = {isa = PBXBuildFile; fileRef = 340021B0238D46A6005CDD09 /* RespondidasCell.swift */; };
		340021B3238D46D9005CDD09 /* NRespondidasCell.swift in Sources */ = {isa = PBXBuildFile; fileRef = 340021B2238D46D9005CDD09 /* NRespondidasCell.swift */; };
		6CCE390E2385849D0078B8CB /* AppDelegate.swift in Sources */ = {isa = PBXBuildFile; fileRef = 6CCE390D2385849D0078B8CB /* AppDelegate.swift */; };
		6CCE39102385849D0078B8CB /* SceneDelegate.swift in Sources */ = {isa = PBXBuildFile; fileRef = 6CCE390F2385849D0078B8CB /* SceneDelegate.swift */; };
		6CCE39122385849D0078B8CB /* ViewController.swift in Sources */ = {isa = PBXBuildFile; fileRef = 6CCE39112385849D0078B8CB /* ViewController.swift */; };
		6CCE39152385849D0078B8CB /* Main.storyboard in Resources */ = {isa = PBXBuildFile; fileRef = 6CCE39132385849D0078B8CB /* Main.storyboard */; };
		6CCE3917238584A10078B8CB /* Assets.xcassets in Resources */ = {isa = PBXBuildFile; fileRef = 6CCE3916238584A10078B8CB /* Assets.xcassets */; };
		6CCE391A238584A10078B8CB /* LaunchScreen.storyboard in Resources */ = {isa = PBXBuildFile; fileRef = 6CCE3918238584A10078B8CB /* LaunchScreen.storyboard */; };
		6CCE39252388197E0078B8CB /* Login.storyboard in Resources */ = {isa = PBXBuildFile; fileRef = 6CCE39242388197E0078B8CB /* Login.storyboard */; };
		6CCE3927238819A70078B8CB /* LoginViewController.swift in Sources */ = {isa = PBXBuildFile; fileRef = 6CCE3926238819A70078B8CB /* LoginViewController.swift */; };
		6CCE392B23881F290078B8CB /* ChildrenScreen.storyboard in Resources */ = {isa = PBXBuildFile; fileRef = 6CCE392A23881F290078B8CB /* ChildrenScreen.storyboard */; };
		6CCE392D23881F5C0078B8CB /* ChildrenViewController.swift in Sources */ = {isa = PBXBuildFile; fileRef = 6CCE392C23881F5C0078B8CB /* ChildrenViewController.swift */; };
		6CCE392F238820C80078B8CB /* SendMail.storyboard in Resources */ = {isa = PBXBuildFile; fileRef = 6CCE392E238820C80078B8CB /* SendMail.storyboard */; };
		6CCE3931238820F00078B8CB /* ReceiveMail.storyboard in Resources */ = {isa = PBXBuildFile; fileRef = 6CCE3930238820F00078B8CB /* ReceiveMail.storyboard */; };
		6CCE39332388213F0078B8CB /* ReceiveMailViewController.swift in Sources */ = {isa = PBXBuildFile; fileRef = 6CCE39322388213F0078B8CB /* ReceiveMailViewController.swift */; };
		6CCE3935238821A40078B8CB /* SendMailViewController.swift in Sources */ = {isa = PBXBuildFile; fileRef = 6CCE3934238821A40078B8CB /* SendMailViewController.swift */; };
		6CCE3937238821E90078B8CB /* ParentConfiguration.storyboard in Resources */ = {isa = PBXBuildFile; fileRef = 6CCE3936238821E90078B8CB /* ParentConfiguration.storyboard */; };
		6CCE39392388222E0078B8CB /* ParentConfigurationViewController.swift in Sources */ = {isa = PBXBuildFile; fileRef = 6CCE39382388222E0078B8CB /* ParentConfigurationViewController.swift */; };
/* End PBXBuildFile section */

/* Begin PBXFileReference section */
		340021B0238D46A6005CDD09 /* RespondidasCell.swift */ = {isa = PBXFileReference; lastKnownFileType = sourcecode.swift; path = RespondidasCell.swift; sourceTree = "<group>"; };
		340021B2238D46D9005CDD09 /* NRespondidasCell.swift */ = {isa = PBXFileReference; lastKnownFileType = sourcecode.swift; path = NRespondidasCell.swift; sourceTree = "<group>"; };
		6CCE390A2385849D0078B8CB /* OompaLoompa.app */ = {isa = PBXFileReference; explicitFileType = wrapper.application; includeInIndex = 0; path = OompaLoompa.app; sourceTree = BUILT_PRODUCTS_DIR; };
		6CCE390D2385849D0078B8CB /* AppDelegate.swift */ = {isa = PBXFileReference; lastKnownFileType = sourcecode.swift; path = AppDelegate.swift; sourceTree = "<group>"; };
		6CCE390F2385849D0078B8CB /* SceneDelegate.swift */ = {isa = PBXFileReference; lastKnownFileType = sourcecode.swift; path = SceneDelegate.swift; sourceTree = "<group>"; };
		6CCE39112385849D0078B8CB /* ViewController.swift */ = {isa = PBXFileReference; lastKnownFileType = sourcecode.swift; path = ViewController.swift; sourceTree = "<group>"; };
		6CCE39142385849D0078B8CB /* Base */ = {isa = PBXFileReference; lastKnownFileType = file.storyboard; name = Base; path = Base.lproj/Main.storyboard; sourceTree = "<group>"; };
		6CCE3916238584A10078B8CB /* Assets.xcassets */ = {isa = PBXFileReference; lastKnownFileType = folder.assetcatalog; path = Assets.xcassets; sourceTree = "<group>"; };
		6CCE3919238584A10078B8CB /* Base */ = {isa = PBXFileReference; lastKnownFileType = file.storyboard; name = Base; path = Base.lproj/LaunchScreen.storyboard; sourceTree = "<group>"; };
		6CCE391B238584A10078B8CB /* Info.plist */ = {isa = PBXFileReference; lastKnownFileType = text.plist.xml; path = Info.plist; sourceTree = "<group>"; };
		6CCE39242388197E0078B8CB /* Login.storyboard */ = {isa = PBXFileReference; lastKnownFileType = file.storyboard; path = Login.storyboard; sourceTree = "<group>"; };
		6CCE3926238819A70078B8CB /* LoginViewController.swift */ = {isa = PBXFileReference; lastKnownFileType = sourcecode.swift; path = LoginViewController.swift; sourceTree = "<group>"; };
		6CCE392A23881F290078B8CB /* ChildrenScreen.storyboard */ = {isa = PBXFileReference; lastKnownFileType = file.storyboard; path = ChildrenScreen.storyboard; sourceTree = "<group>"; };
		6CCE392C23881F5C0078B8CB /* ChildrenViewController.swift */ = {isa = PBXFileReference; lastKnownFileType = sourcecode.swift; path = ChildrenViewController.swift; sourceTree = "<group>"; };
		6CCE392E238820C80078B8CB /* SendMail.storyboard */ = {isa = PBXFileReference; lastKnownFileType = file.storyboard; path = SendMail.storyboard; sourceTree = "<group>"; };
		6CCE3930238820F00078B8CB /* ReceiveMail.storyboard */ = {isa = PBXFileReference; lastKnownFileType = file.storyboard; path = ReceiveMail.storyboard; sourceTree = "<group>"; };
		6CCE39322388213F0078B8CB /* ReceiveMailViewController.swift */ = {isa = PBXFileReference; lastKnownFileType = sourcecode.swift; path = ReceiveMailViewController.swift; sourceTree = "<group>"; };
		6CCE3934238821A40078B8CB /* SendMailViewController.swift */ = {isa = PBXFileReference; lastKnownFileType = sourcecode.swift; path = SendMailViewController.swift; sourceTree = "<group>"; };
		6CCE3936238821E90078B8CB /* ParentConfiguration.storyboard */ = {isa = PBXFileReference; lastKnownFileType = file.storyboard; path = ParentConfiguration.storyboard; sourceTree = "<group>"; };
		6CCE39382388222E0078B8CB /* ParentConfigurationViewController.swift */ = {isa = PBXFileReference; lastKnownFileType = sourcecode.swift; path = ParentConfigurationViewController.swift; sourceTree = "<group>"; };
/* End PBXFileReference section */

/* Begin PBXFrameworksBuildPhase section */
		6CCE39072385849D0078B8CB /* Frameworks */ = {
			isa = PBXFrameworksBuildPhase;
			buildActionMask = 2147483647;
			files = (
			);
			runOnlyForDeploymentPostprocessing = 0;
		};
/* End PBXFrameworksBuildPhase section */

/* Begin PBXGroup section */
		6CCE39012385849D0078B8CB = {
			isa = PBXGroup;
			children = (
				6CCE390C2385849D0078B8CB /* OompaLoompa */,
				6CCE390B2385849D0078B8CB /* Products */,
			);
			sourceTree = "<group>";
		};
		6CCE390B2385849D0078B8CB /* Products */ = {
			isa = PBXGroup;
			children = (
				6CCE390A2385849D0078B8CB /* OompaLoompa.app */,
			);
			name = Products;
			sourceTree = "<group>";
		};
		6CCE390C2385849D0078B8CB /* OompaLoompa */ = {
			isa = PBXGroup;
			children = (
				6CCE3923238584F10078B8CB /* Controller */,
				6CCE3922238584EC0078B8CB /* View */,
				6CCE3921238584E20078B8CB /* Model */,
				6CCE391B238584A10078B8CB /* Info.plist */,
			);
			path = OompaLoompa;
			sourceTree = "<group>";
		};
		6CCE3921238584E20078B8CB /* Model */ = {
			isa = PBXGroup;
			children = (
			);
			path = Model;
			sourceTree = "<group>";
		};
		6CCE3922238584EC0078B8CB /* View */ = {
			isa = PBXGroup;
			children = (
				6CCE39132385849D0078B8CB /* Main.storyboard */,
				6CCE3916238584A10078B8CB /* Assets.xcassets */,
				6CCE3918238584A10078B8CB /* LaunchScreen.storyboard */,
				6CCE39242388197E0078B8CB /* Login.storyboard */,
				6CCE392A23881F290078B8CB /* ChildrenScreen.storyboard */,
				6CCE392E238820C80078B8CB /* SendMail.storyboard */,
				6CCE3930238820F00078B8CB /* ReceiveMail.storyboard */,
				6CCE3936238821E90078B8CB /* ParentConfiguration.storyboard */,
				340021B0238D46A6005CDD09 /* RespondidasCell.swift */,
				340021B2238D46D9005CDD09 /* NRespondidasCell.swift */,
			);
			path = View;
			sourceTree = "<group>";
		};
		6CCE3923238584F10078B8CB /* Controller */ = {
			isa = PBXGroup;
			children = (
				6CCE39112385849D0078B8CB /* ViewController.swift */,
				6CCE390D2385849D0078B8CB /* AppDelegate.swift */,
				6CCE390F2385849D0078B8CB /* SceneDelegate.swift */,
				6CCE3926238819A70078B8CB /* LoginViewController.swift */,
				6CCE392C23881F5C0078B8CB /* ChildrenViewController.swift */,
				6CCE39322388213F0078B8CB /* ReceiveMailViewController.swift */,
				6CCE3934238821A40078B8CB /* SendMailViewController.swift */,
				6CCE39382388222E0078B8CB /* ParentConfigurationViewController.swift */,
			);
			path = Controller;
			sourceTree = "<group>";
		};
/* End PBXGroup section */

/* Begin PBXNativeTarget section */
		6CCE39092385849D0078B8CB /* OompaLoompa */ = {
			isa = PBXNativeTarget;
			buildConfigurationList = 6CCE391E238584A20078B8CB /* Build configuration list for PBXNativeTarget "OompaLoompa" */;
			buildPhases = (
				6CCE39062385849D0078B8CB /* Sources */,
				6CCE39072385849D0078B8CB /* Frameworks */,
				6CCE39082385849D0078B8CB /* Resources */,
			);
			buildRules = (
			);
			dependencies = (
			);
			name = OompaLoompa;
			productName = OompaLoompa;
			productReference = 6CCE390A2385849D0078B8CB /* OompaLoompa.app */;
			productType = "com.apple.product-type.application";
		};
/* End PBXNativeTarget section */

/* Begin PBXProject section */
		6CCE39022385849D0078B8CB /* Project object */ = {
			isa = PBXProject;
			attributes = {
				LastSwiftUpdateCheck = 1110;
				LastUpgradeCheck = 1110;
				ORGANIZATIONNAME = "Pyettra Ferreira";
				TargetAttributes = {
					6CCE39092385849D0078B8CB = {
						CreatedOnToolsVersion = 11.1;
					};
				};
			};
			buildConfigurationList = 6CCE39052385849D0078B8CB /* Build configuration list for PBXProject "OompaLoompa" */;
			compatibilityVersion = "Xcode 9.3";
			developmentRegion = en;
			hasScannedForEncodings = 0;
			knownRegions = (
				en,
				Base,
			);
			mainGroup = 6CCE39012385849D0078B8CB;
			productRefGroup = 6CCE390B2385849D0078B8CB /* Products */;
			projectDirPath = "";
			projectRoot = "";
			targets = (
				6CCE39092385849D0078B8CB /* OompaLoompa */,
			);
		};
/* End PBXProject section */

/* Begin PBXResourcesBuildPhase section */
		6CCE39082385849D0078B8CB /* Resources */ = {
			isa = PBXResourcesBuildPhase;
			buildActionMask = 2147483647;
			files = (
				6CCE39252388197E0078B8CB /* Login.storyboard in Resources */,
				6CCE3931238820F00078B8CB /* ReceiveMail.storyboard in Resources */,
				6CCE392F238820C80078B8CB /* SendMail.storyboard in Resources */,
				6CCE391A238584A10078B8CB /* LaunchScreen.storyboard in Resources */,
				6CCE3917238584A10078B8CB /* Assets.xcassets in Resources */,
				6CCE39152385849D0078B8CB /* Main.storyboard in Resources */,
				6CCE392B23881F290078B8CB /* ChildrenScreen.storyboard in Resources */,
				6CCE3937238821E90078B8CB /* ParentConfiguration.storyboard in Resources */,
			);
			runOnlyForDeploymentPostprocessing = 0;
		};
/* End PBXResourcesBuildPhase section */

/* Begin PBXSourcesBuildPhase section */
		6CCE39062385849D0078B8CB /* Sources */ = {
			isa = PBXSourcesBuildPhase;
			buildActionMask = 2147483647;
			files = (
				6CCE39332388213F0078B8CB /* ReceiveMailViewController.swift in Sources */,
				340021B1238D46A6005CDD09 /* RespondidasCell.swift in Sources */,
				6CCE3927238819A70078B8CB /* LoginViewController.swift in Sources */,
				6CCE39122385849D0078B8CB /* ViewController.swift in Sources */,
				6CCE39392388222E0078B8CB /* ParentConfigurationViewController.swift in Sources */,
				340021B3238D46D9005CDD09 /* NRespondidasCell.swift in Sources */,
				6CCE390E2385849D0078B8CB /* AppDelegate.swift in Sources */,
				6CCE392D23881F5C0078B8CB /* ChildrenViewController.swift in Sources */,
				6CCE3935238821A40078B8CB /* SendMailViewController.swift in Sources */,
				6CCE39102385849D0078B8CB /* SceneDelegate.swift in Sources */,
			);
			runOnlyForDeploymentPostprocessing = 0;
		};
/* End PBXSourcesBuildPhase section */

/* Begin PBXVariantGroup section */
		6CCE39132385849D0078B8CB /* Main.storyboard */ = {
			isa = PBXVariantGroup;
			children = (
				6CCE39142385849D0078B8CB /* Base */,
			);
			name = Main.storyboard;
			sourceTree = "<group>";
		};
		6CCE3918238584A10078B8CB /* LaunchScreen.storyboard */ = {
			isa = PBXVariantGroup;
			children = (
				6CCE3919238584A10078B8CB /* Base */,
			);
			name = LaunchScreen.storyboard;
			sourceTree = "<group>";
		};
/* End PBXVariantGroup section */

/* Begin XCBuildConfiguration section */
		6CCE391C238584A20078B8CB /* Debug */ = {
			isa = XCBuildConfiguration;
			buildSettings = {
				ALWAYS_SEARCH_USER_PATHS = NO;
				CLANG_ANALYZER_NONNULL = YES;
				CLANG_ANALYZER_NUMBER_OBJECT_CONVERSION = YES_AGGRESSIVE;
				CLANG_CXX_LANGUAGE_STANDARD = "gnu++14";
				CLANG_CXX_LIBRARY = "libc++";
				CLANG_ENABLE_MODULES = YES;
				CLANG_ENABLE_OBJC_ARC = YES;
				CLANG_ENABLE_OBJC_WEAK = YES;
				CLANG_WARN_BLOCK_CAPTURE_AUTORELEASING = YES;
				CLANG_WARN_BOOL_CONVERSION = YES;
				CLANG_WARN_COMMA = YES;
				CLANG_WARN_CONSTANT_CONVERSION = YES;
				CLANG_WARN_DEPRECATED_OBJC_IMPLEMENTATIONS = YES;
				CLANG_WARN_DIRECT_OBJC_ISA_USAGE = YES_ERROR;
				CLANG_WARN_DOCUMENTATION_COMMENTS = YES;
				CLANG_WARN_EMPTY_BODY = YES;
				CLANG_WARN_ENUM_CONVERSION = YES;
				CLANG_WARN_INFINITE_RECURSION = YES;
				CLANG_WARN_INT_CONVERSION = YES;
				CLANG_WARN_NON_LITERAL_NULL_CONVERSION = YES;
				CLANG_WARN_OBJC_IMPLICIT_RETAIN_SELF = YES;
				CLANG_WARN_OBJC_LITERAL_CONVERSION = YES;
				CLANG_WARN_OBJC_ROOT_CLASS = YES_ERROR;
				CLANG_WARN_RANGE_LOOP_ANALYSIS = YES;
				CLANG_WARN_STRICT_PROTOTYPES = YES;
				CLANG_WARN_SUSPICIOUS_MOVE = YES;
				CLANG_WARN_UNGUARDED_AVAILABILITY = YES_AGGRESSIVE;
				CLANG_WARN_UNREACHABLE_CODE = YES;
				CLANG_WARN__DUPLICATE_METHOD_MATCH = YES;
				COPY_PHASE_STRIP = NO;
				DEBUG_INFORMATION_FORMAT = dwarf;
				ENABLE_STRICT_OBJC_MSGSEND = YES;
				ENABLE_TESTABILITY = YES;
				GCC_C_LANGUAGE_STANDARD = gnu11;
				GCC_DYNAMIC_NO_PIC = NO;
				GCC_NO_COMMON_BLOCKS = YES;
				GCC_OPTIMIZATION_LEVEL = 0;
				GCC_PREPROCESSOR_DEFINITIONS = (
					"DEBUG=1",
					"$(inherited)",
				);
				GCC_WARN_64_TO_32_BIT_CONVERSION = YES;
				GCC_WARN_ABOUT_RETURN_TYPE = YES_ERROR;
				GCC_WARN_UNDECLARED_SELECTOR = YES;
				GCC_WARN_UNINITIALIZED_AUTOS = YES_AGGRESSIVE;
				GCC_WARN_UNUSED_FUNCTION = YES;
				GCC_WARN_UNUSED_VARIABLE = YES;
				IPHONEOS_DEPLOYMENT_TARGET = 13.1;
				MTL_ENABLE_DEBUG_INFO = INCLUDE_SOURCE;
				MTL_FAST_MATH = YES;
				ONLY_ACTIVE_ARCH = YES;
				SDKROOT = iphoneos;
				SWIFT_ACTIVE_COMPILATION_CONDITIONS = DEBUG;
				SWIFT_OPTIMIZATION_LEVEL = "-Onone";
			};
			name = Debug;
		};
		6CCE391D238584A20078B8CB /* Release */ = {
			isa = XCBuildConfiguration;
			buildSettings = {
				ALWAYS_SEARCH_USER_PATHS = NO;
				CLANG_ANALYZER_NONNULL = YES;
				CLANG_ANALYZER_NUMBER_OBJECT_CONVERSION = YES_AGGRESSIVE;
				CLANG_CXX_LANGUAGE_STANDARD = "gnu++14";
				CLANG_CXX_LIBRARY = "libc++";
				CLANG_ENABLE_MODULES = YES;
				CLANG_ENABLE_OBJC_ARC = YES;
				CLANG_ENABLE_OBJC_WEAK = YES;
				CLANG_WARN_BLOCK_CAPTURE_AUTORELEASING = YES;
				CLANG_WARN_BOOL_CONVERSION = YES;
				CLANG_WARN_COMMA = YES;
				CLANG_WARN_CONSTANT_CONVERSION = YES;
				CLANG_WARN_DEPRECATED_OBJC_IMPLEMENTATIONS = YES;
				CLANG_WARN_DIRECT_OBJC_ISA_USAGE = YES_ERROR;
				CLANG_WARN_DOCUMENTATION_COMMENTS = YES;
				CLANG_WARN_EMPTY_BODY = YES;
				CLANG_WARN_ENUM_CONVERSION = YES;
				CLANG_WARN_INFINITE_RECURSION = YES;
				CLANG_WARN_INT_CONVERSION = YES;
				CLANG_WARN_NON_LITERAL_NULL_CONVERSION = YES;
				CLANG_WARN_OBJC_IMPLICIT_RETAIN_SELF = YES;
				CLANG_WARN_OBJC_LITERAL_CONVERSION = YES;
				CLANG_WARN_OBJC_ROOT_CLASS = YES_ERROR;
				CLANG_WARN_RANGE_LOOP_ANALYSIS = YES;
				CLANG_WARN_STRICT_PROTOTYPES = YES;
				CLANG_WARN_SUSPICIOUS_MOVE = YES;
				CLANG_WARN_UNGUARDED_AVAILABILITY = YES_AGGRESSIVE;
				CLANG_WARN_UNREACHABLE_CODE = YES;
				CLANG_WARN__DUPLICATE_METHOD_MATCH = YES;
				COPY_PHASE_STRIP = NO;
				DEBUG_INFORMATION_FORMAT = "dwarf-with-dsym";
				ENABLE_NS_ASSERTIONS = NO;
				ENABLE_STRICT_OBJC_MSGSEND = YES;
				GCC_C_LANGUAGE_STANDARD = gnu11;
				GCC_NO_COMMON_BLOCKS = YES;
				GCC_WARN_64_TO_32_BIT_CONVERSION = YES;
				GCC_WARN_ABOUT_RETURN_TYPE = YES_ERROR;
				GCC_WARN_UNDECLARED_SELECTOR = YES;
				GCC_WARN_UNINITIALIZED_AUTOS = YES_AGGRESSIVE;
				GCC_WARN_UNUSED_FUNCTION = YES;
				GCC_WARN_UNUSED_VARIABLE = YES;
				IPHONEOS_DEPLOYMENT_TARGET = 13.1;
				MTL_ENABLE_DEBUG_INFO = NO;
				MTL_FAST_MATH = YES;
				SDKROOT = iphoneos;
				SWIFT_COMPILATION_MODE = wholemodule;
				SWIFT_OPTIMIZATION_LEVEL = "-O";
				VALIDATE_PRODUCT = YES;
			};
			name = Release;
		};
		6CCE391F238584A20078B8CB /* Debug */ = {
			isa = XCBuildConfiguration;
			buildSettings = {
				ASSETCATALOG_COMPILER_APPICON_NAME = AppIcon;
				CODE_SIGN_STYLE = Automatic;
				DEVELOPMENT_TEAM = NX8F6TU7X3;
				INFOPLIST_FILE = OompaLoompa/Info.plist;
				LD_RUNPATH_SEARCH_PATHS = (
					"$(inherited)",
					"@executable_path/Frameworks",
				);
				PRODUCT_BUNDLE_IDENTIFIER = br.pyettra.OompaLoompa;
				PRODUCT_NAME = "$(TARGET_NAME)";
				SWIFT_VERSION = 5.0;
				TARGETED_DEVICE_FAMILY = "1,2";
			};
			name = Debug;
		};
		6CCE3920238584A20078B8CB /* Release */ = {
			isa = XCBuildConfiguration;
			buildSettings = {
				ASSETCATALOG_COMPILER_APPICON_NAME = AppIcon;
				CODE_SIGN_STYLE = Automatic;
				DEVELOPMENT_TEAM = NX8F6TU7X3;
				INFOPLIST_FILE = OompaLoompa/Info.plist;
				LD_RUNPATH_SEARCH_PATHS = (
					"$(inherited)",
					"@executable_path/Frameworks",
				);
				PRODUCT_BUNDLE_IDENTIFIER = br.pyettra.OompaLoompa;
				PRODUCT_NAME = "$(TARGET_NAME)";
				SWIFT_VERSION = 5.0;
				TARGETED_DEVICE_FAMILY = "1,2";
			};
			name = Release;
		};
/* End XCBuildConfiguration section */

/* Begin XCConfigurationList section */
		6CCE39052385849D0078B8CB /* Build configuration list for PBXProject "OompaLoompa" */ = {
			isa = XCConfigurationList;
			buildConfigurations = (
				6CCE391C238584A20078B8CB /* Debug */,
				6CCE391D238584A20078B8CB /* Release */,
			);
			defaultConfigurationIsVisible = 0;
			defaultConfigurationName = Release;
		};
		6CCE391E238584A20078B8CB /* Build configuration list for PBXNativeTarget "OompaLoompa" */ = {
			isa = XCConfigurationList;
			buildConfigurations = (
				6CCE391F238584A20078B8CB /* Debug */,
				6CCE3920238584A20078B8CB /* Release */,
			);
			defaultConfigurationIsVisible = 0;
			defaultConfigurationName = Release;
		};
/* End XCConfigurationList section */
	};
	rootObject = 6CCE39022385849D0078B8CB /* Project object */;
}
